
Microsoft Visual Studio Solution File, Format Version 12.00
# Visual Studio Version 16
VisualStudioVersion = 16.0.31410.357
MinimumVisualStudioVersion = 10.0.40219.1
Project("{159641D6-6404-4A2A-AE62-294DE0FE8301}") = "B9", "B9\B9.dtproj", "{D9F80441-0E24-45E4-9086-81A40F009147}"
EndProject
Global
	GlobalSection(SolutionConfigurationPlatforms) = preSolution
		Development|Default = Development|Default
	EndGlobalSection
	GlobalSection(ProjectConfigurationPlatforms) = postSolution
		{D9F80441-0E24-45E4-9086-81A40F009147}.Development|Default.ActiveCfg = Development
		{D9F80441-0E24-45E4-9086-81A40F009147}.Development|Default.Build.0 = Development
	EndGlobalSection
	GlobalSection(SolutionProperties) = preSolution
		HideSolutionNode = FALSE
	EndGlobalSection
	GlobalSection(ExtensibilityGlobals) = postSolution
		SolutionGuid = {D3F18A7D-4AC7-4D39-8F7C-4984A6705587}
	EndGlobalSection
EndGlobal
