
Microsoft Visual Studio Solution File, Format Version 12.00
# Visual Studio Version 16
VisualStudioVersion = 16.0.31410.357
MinimumVisualStudioVersion = 10.0.40219.1
Project("{159641D6-6404-4A2A-AE62-294DE0FE8301}") = "Populating_Grade_Dim", "Populating_Grade_Dim\Populating_Grade_Dim.dtproj", "{8AAFD935-95AF-4ACD-A467-E8A2D6E05C35}"
EndProject
Global
	GlobalSection(SolutionConfigurationPlatforms) = preSolution
		Development|Default = Development|Default
	EndGlobalSection
	GlobalSection(ProjectConfigurationPlatforms) = postSolution
		{8AAFD935-95AF-4ACD-A467-E8A2D6E05C35}.Development|Default.ActiveCfg = Development
		{8AAFD935-95AF-4ACD-A467-E8A2D6E05C35}.Development|Default.Build.0 = Development
	EndGlobalSection
	GlobalSection(SolutionProperties) = preSolution
		HideSolutionNode = FALSE
	EndGlobalSection
	GlobalSection(ExtensibilityGlobals) = postSolution
		SolutionGuid = {5A405F71-8FF3-49BF-A2B8-92F865A16731}
	EndGlobalSection
EndGlobal
