
Microsoft Visual Studio Solution File, Format Version 12.00
# Visual Studio Version 16
VisualStudioVersion = 16.0.31410.357
MinimumVisualStudioVersion = 10.0.40219.1
Project("{159641D6-6404-4A2A-AE62-294DE0FE8301}") = "Populating_Course_Dimension", "Populating_Course_Dimension\Populating_Course_Dimension.dtproj", "{47ACF257-7EDC-49E7-8C7E-5370EC0CF2E2}"
EndProject
Global
	GlobalSection(SolutionConfigurationPlatforms) = preSolution
		Development|Default = Development|Default
	EndGlobalSection
	GlobalSection(ProjectConfigurationPlatforms) = postSolution
		{47ACF257-7EDC-49E7-8C7E-5370EC0CF2E2}.Development|Default.ActiveCfg = Development
		{47ACF257-7EDC-49E7-8C7E-5370EC0CF2E2}.Development|Default.Build.0 = Development
	EndGlobalSection
	GlobalSection(SolutionProperties) = preSolution
		HideSolutionNode = FALSE
	EndGlobalSection
	GlobalSection(ExtensibilityGlobals) = postSolution
		SolutionGuid = {AD49BC35-FD98-4C99-BA34-5BBF7C81143A}
	EndGlobalSection
EndGlobal
